
Microsoft Visual Studio Solution File, Format Version 12.00
# Visual Studio Version 17
VisualStudioVersion = 17.11.35327.3
MinimumVisualStudioVersion = 10.0.40219.1
Project("{9A19103F-16F7-4668-BE54-9A1E7A4F7556}") = "ODLGameEngine", "ODLGameEngine\ODLGameEngine.csproj", "{4B2FD118-7491-4F35-A7DF-4B9BBB9932FC}"
EndProject
Project("{9A19103F-16F7-4668-BE54-9A1E7A4F7556}") = "EngineTests", "EngineTests\EngineTests.csproj", "{4141848B-1670-4532-B79F-5F3D401FDA88}"
	ProjectSection(ProjectDependencies) = postProject
		{C39226B9-A16C-43CF-9EB5-3AE8293ABA66} = {C39226B9-A16C-43CF-9EB5-3AE8293ABA66}
	EndProjectSection
EndProject
Project("{9A19103F-16F7-4668-BE54-9A1E7A4F7556}") = "DeserializationVerifier", "DeserializationVerifier\DeserializationVerifier.csproj", "{C39226B9-A16C-43CF-9EB5-3AE8293ABA66}"
	ProjectSection(ProjectDependencies) = postProject
		{4B2FD118-7491-4F35-A7DF-4B9BBB9932FC} = {4B2FD118-7491-4F35-A7DF-4B9BBB9932FC}
	EndProjectSection
EndProject
Global
	GlobalSection(SolutionConfigurationPlatforms) = preSolution
		Debug|Any CPU = Debug|Any CPU
		Release|Any CPU = Release|Any CPU
	EndGlobalSection
	GlobalSection(ProjectConfigurationPlatforms) = postSolution
		{4B2FD118-7491-4F35-A7DF-4B9BBB9932FC}.Debug|Any CPU.ActiveCfg = Debug|Any CPU
		{4B2FD118-7491-4F35-A7DF-4B9BBB9932FC}.Debug|Any CPU.Build.0 = Debug|Any CPU
		{4B2FD118-7491-4F35-A7DF-4B9BBB9932FC}.Release|Any CPU.ActiveCfg = Release|Any CPU
		{4B2FD118-7491-4F35-A7DF-4B9BBB9932FC}.Release|Any CPU.Build.0 = Release|Any CPU
		{4141848B-1670-4532-B79F-5F3D401FDA88}.Debug|Any CPU.ActiveCfg = Debug|Any CPU
		{4141848B-1670-4532-B79F-5F3D401FDA88}.Debug|Any CPU.Build.0 = Debug|Any CPU
		{4141848B-1670-4532-B79F-5F3D401FDA88}.Release|Any CPU.ActiveCfg = Release|Any CPU
		{4141848B-1670-4532-B79F-5F3D401FDA88}.Release|Any CPU.Build.0 = Release|Any CPU
		{C39226B9-A16C-43CF-9EB5-3AE8293ABA66}.Debug|Any CPU.ActiveCfg = Debug|Any CPU
		{C39226B9-A16C-43CF-9EB5-3AE8293ABA66}.Debug|Any CPU.Build.0 = Debug|Any CPU
		{C39226B9-A16C-43CF-9EB5-3AE8293ABA66}.Release|Any CPU.ActiveCfg = Release|Any CPU
		{C39226B9-A16C-43CF-9EB5-3AE8293ABA66}.Release|Any CPU.Build.0 = Release|Any CPU
	EndGlobalSection
	GlobalSection(SolutionProperties) = preSolution
		HideSolutionNode = FALSE
	EndGlobalSection
	GlobalSection(ExtensibilityGlobals) = postSolution
		SolutionGuid = {77D970EE-F5DE-423F-89B7-8FAA6A821D31}
	EndGlobalSection
EndGlobal
